
Microsoft Visual Studio Solution File, Format Version 12.00
# Visual Studio Version 16
VisualStudioVersion = 16.0.31729.503
MinimumVisualStudioVersion = 10.0.40219.1
Project("{FAE04EC0-301F-11D3-BF4B-00C04F79EFBC}") = "WekeendsDay8", "WekeendsDay8\WekeendsDay8.csproj", "{77C12FB6-EA3C-4975-ABFF-8FFF57B0B079}"
EndProject
Global
	GlobalSection(SolutionConfigurationPlatforms) = preSolution
		Debug|Any CPU = Debug|Any CPU
		Release|Any CPU = Release|Any CPU
	EndGlobalSection
	GlobalSection(ProjectConfigurationPlatforms) = postSolution
		{77C12FB6-EA3C-4975-ABFF-8FFF57B0B079}.Debug|Any CPU.ActiveCfg = Debug|Any CPU
		{77C12FB6-EA3C-4975-ABFF-8FFF57B0B079}.Debug|Any CPU.Build.0 = Debug|Any CPU
		{77C12FB6-EA3C-4975-ABFF-8FFF57B0B079}.Release|Any CPU.ActiveCfg = Release|Any CPU
		{77C12FB6-EA3C-4975-ABFF-8FFF57B0B079}.Release|Any CPU.Build.0 = Release|Any CPU
	EndGlobalSection
	GlobalSection(SolutionProperties) = preSolution
		HideSolutionNode = FALSE
	EndGlobalSection
	GlobalSection(ExtensibilityGlobals) = postSolution
		SolutionGuid = {D3B7E55A-99C0-4BAE-9943-29502B7331AF}
	EndGlobalSection
EndGlobal
